
Microsoft Visual Studio Solution File, Format Version 12.00
# Visual Studio Version 16
VisualStudioVersion = 16.0.31112.23
MinimumVisualStudioVersion = 10.0.40219.1
Project("{2150E333-8FDC-42A3-9474-1A3956D46DE8}") = "01-TestesDeUnidade", "01-TestesDeUnidade", "{5F943119-0DBC-4DDF-B060-4A6F11C57283}"
EndProject
Project("{2150E333-8FDC-42A3-9474-1A3956D46DE8}") = "1_1-TestesBasicos", "1_1-TestesBasicos", "{56CEFA02-C428-45D6-9269-FD8C8ED0DCFE}"
EndProject
Project("{9A19103F-16F7-4668-BE54-9A1E7A4F7556}") = "Demo", "01-TestesDeUnidade\Demo\Demo.csproj", "{BCE6B807-F68D-4D88-AC6E-318A7016718E}"
EndProject
Project("{9A19103F-16F7-4668-BE54-9A1E7A4F7556}") = "Demo.Tests", "01-TestesDeUnidade\Demo.Tests\Demo.Tests.csproj", "{DC53CA0F-60CA-4656-860B-1D0FC750B0BD}"
EndProject
Project("{2150E333-8FDC-42A3-9474-1A3956D46DE8}") = "1_2-Features", "1_2-Features", "{CCF4E7FB-4C01-4BAB-B4EE-57E6F0EEDF5F}"
EndProject
Project("{FAE04EC0-301F-11D3-BF4B-00C04F79EFBC}") = "Features", "02-Features\Features\Features.csproj", "{E82538C0-F25D-4533-A687-2AE3CE015879}"
EndProject
Project("{FAE04EC0-301F-11D3-BF4B-00C04F79EFBC}") = "Features.Tests", "02-Features\Features.Tests\Features.Tests.csproj", "{19C9641B-3B4E-420B-B4D7-B475BD829B30}"
EndProject
Global
	GlobalSection(SolutionConfigurationPlatforms) = preSolution
		Debug|Any CPU = Debug|Any CPU
		Release|Any CPU = Release|Any CPU
	EndGlobalSection
	GlobalSection(ProjectConfigurationPlatforms) = postSolution
		{BCE6B807-F68D-4D88-AC6E-318A7016718E}.Debug|Any CPU.ActiveCfg = Debug|Any CPU
		{BCE6B807-F68D-4D88-AC6E-318A7016718E}.Debug|Any CPU.Build.0 = Debug|Any CPU
		{BCE6B807-F68D-4D88-AC6E-318A7016718E}.Release|Any CPU.ActiveCfg = Release|Any CPU
		{BCE6B807-F68D-4D88-AC6E-318A7016718E}.Release|Any CPU.Build.0 = Release|Any CPU
		{DC53CA0F-60CA-4656-860B-1D0FC750B0BD}.Debug|Any CPU.ActiveCfg = Debug|Any CPU
		{DC53CA0F-60CA-4656-860B-1D0FC750B0BD}.Debug|Any CPU.Build.0 = Debug|Any CPU
		{DC53CA0F-60CA-4656-860B-1D0FC750B0BD}.Release|Any CPU.ActiveCfg = Release|Any CPU
		{DC53CA0F-60CA-4656-860B-1D0FC750B0BD}.Release|Any CPU.Build.0 = Release|Any CPU
		{E82538C0-F25D-4533-A687-2AE3CE015879}.Debug|Any CPU.ActiveCfg = Debug|Any CPU
		{E82538C0-F25D-4533-A687-2AE3CE015879}.Debug|Any CPU.Build.0 = Debug|Any CPU
		{E82538C0-F25D-4533-A687-2AE3CE015879}.Release|Any CPU.ActiveCfg = Release|Any CPU
		{E82538C0-F25D-4533-A687-2AE3CE015879}.Release|Any CPU.Build.0 = Release|Any CPU
		{19C9641B-3B4E-420B-B4D7-B475BD829B30}.Debug|Any CPU.ActiveCfg = Debug|Any CPU
		{19C9641B-3B4E-420B-B4D7-B475BD829B30}.Debug|Any CPU.Build.0 = Debug|Any CPU
		{19C9641B-3B4E-420B-B4D7-B475BD829B30}.Release|Any CPU.ActiveCfg = Release|Any CPU
		{19C9641B-3B4E-420B-B4D7-B475BD829B30}.Release|Any CPU.Build.0 = Release|Any CPU
	EndGlobalSection
	GlobalSection(SolutionProperties) = preSolution
		HideSolutionNode = FALSE
	EndGlobalSection
	GlobalSection(NestedProjects) = preSolution
		{56CEFA02-C428-45D6-9269-FD8C8ED0DCFE} = {5F943119-0DBC-4DDF-B060-4A6F11C57283}
		{BCE6B807-F68D-4D88-AC6E-318A7016718E} = {56CEFA02-C428-45D6-9269-FD8C8ED0DCFE}
		{DC53CA0F-60CA-4656-860B-1D0FC750B0BD} = {56CEFA02-C428-45D6-9269-FD8C8ED0DCFE}
		{CCF4E7FB-4C01-4BAB-B4EE-57E6F0EEDF5F} = {5F943119-0DBC-4DDF-B060-4A6F11C57283}
		{E82538C0-F25D-4533-A687-2AE3CE015879} = {CCF4E7FB-4C01-4BAB-B4EE-57E6F0EEDF5F}
		{19C9641B-3B4E-420B-B4D7-B475BD829B30} = {CCF4E7FB-4C01-4BAB-B4EE-57E6F0EEDF5F}
	EndGlobalSection
	GlobalSection(ExtensibilityGlobals) = postSolution
		SolutionGuid = {A29B3671-2A8B-4CD7-AE13-38FFB0864C5F}
	EndGlobalSection
EndGlobal
